// !$*UTF8*$!
{
	archiveVersion = 1;
	classes = {
	};
	objectVersion = 48;
	objects = {

/* Begin PBXBuildFile section */
		4ED31BA7927A9A3E49CAB8B5 /* Pods_SmackChat.framework in Frameworks */ = {isa = PBXBuildFile; fileRef = 3FC3F757895F526EB0643143 /* Pods_SmackChat.framework */; };
		DE1B76F11F68DFEB0007DF33 /* AppDelegate.swift in Sources */ = {isa = PBXBuildFile; fileRef = DE1B76F01F68DFEB0007DF33 /* AppDelegate.swift */; };
		DE1B76F61F68DFEB0007DF33 /* Main.storyboard in Resources */ = {isa = PBXBuildFile; fileRef = DE1B76F41F68DFEB0007DF33 /* Main.storyboard */; };
		DE1B76F81F68DFEB0007DF33 /* Assets.xcassets in Resources */ = {isa = PBXBuildFile; fileRef = DE1B76F71F68DFEB0007DF33 /* Assets.xcassets */; };
		DE1B76FB1F68DFEB0007DF33 /* LaunchScreen.storyboard in Resources */ = {isa = PBXBuildFile; fileRef = DE1B76F91F68DFEB0007DF33 /* LaunchScreen.storyboard */; };
		DE615BBB1F68EEA700848DE7 /* ChatVC.swift in Sources */ = {isa = PBXBuildFile; fileRef = DE615BBA1F68EEA700848DE7 /* ChatVC.swift */; };
		DE615BBD1F68EEBF00848DE7 /* ChannelVC.swift in Sources */ = {isa = PBXBuildFile; fileRef = DE615BBC1F68EEBF00848DE7 /* ChannelVC.swift */; };
		DE85CCF01F68F52300F60555 /* SWRevealViewController.m in Sources */ = {isa = PBXBuildFile; fileRef = DE615BB51F68EA9200848DE7 /* SWRevealViewController.m */; };
		DE85CCF21F690CC900F60555 /* GradientView.swift in Sources */ = {isa = PBXBuildFile; fileRef = DE85CCF11F690CC900F60555 /* GradientView.swift */; };
		DEA326FA1F69FB46007C0468 /* Constants.swift in Sources */ = {isa = PBXBuildFile; fileRef = DEA326F91F69FB46007C0468 /* Constants.swift */; };
		DEA326FC1F6A00A2007C0468 /* LoginVC.swift in Sources */ = {isa = PBXBuildFile; fileRef = DEA326FB1F6A00A2007C0468 /* LoginVC.swift */; };
/* End PBXBuildFile section */

/* Begin PBXFileReference section */
		3FC3F757895F526EB0643143 /* Pods_SmackChat.framework */ = {isa = PBXFileReference; explicitFileType = wrapper.framework; includeInIndex = 0; path = Pods_SmackChat.framework; sourceTree = BUILT_PRODUCTS_DIR; };
		5B438BB20824A4D472E58068 /* Pods-SmackChat.release.xcconfig */ = {isa = PBXFileReference; includeInIndex = 1; lastKnownFileType = text.xcconfig; name = "Pods-SmackChat.release.xcconfig"; path = "Pods/Target Support Files/Pods-SmackChat/Pods-SmackChat.release.xcconfig"; sourceTree = "<group>"; };
		DE1B76ED1F68DFEB0007DF33 /* SmackChat.app */ = {isa = PBXFileReference; explicitFileType = wrapper.application; includeInIndex = 0; path = SmackChat.app; sourceTree = BUILT_PRODUCTS_DIR; };
		DE1B76F01F68DFEB0007DF33 /* AppDelegate.swift */ = {isa = PBXFileReference; lastKnownFileType = sourcecode.swift; path = AppDelegate.swift; sourceTree = "<group>"; };
		DE1B76F51F68DFEB0007DF33 /* Base */ = {isa = PBXFileReference; lastKnownFileType = file.storyboard; name = Base; path = Base.lproj/Main.storyboard; sourceTree = "<group>"; };
		DE1B76F71F68DFEB0007DF33 /* Assets.xcassets */ = {isa = PBXFileReference; lastKnownFileType = folder.assetcatalog; path = Assets.xcassets; sourceTree = "<group>"; };
		DE1B76FA1F68DFEB0007DF33 /* Base */ = {isa = PBXFileReference; lastKnownFileType = file.storyboard; name = Base; path = Base.lproj/LaunchScreen.storyboard; sourceTree = "<group>"; };
		DE1B76FC1F68DFEB0007DF33 /* Info.plist */ = {isa = PBXFileReference; lastKnownFileType = text.plist.xml; path = Info.plist; sourceTree = "<group>"; };
		DE615BB41F68EA9100848DE7 /* SmackChat-Bridging-Header.h */ = {isa = PBXFileReference; lastKnownFileType = sourcecode.c.h; path = "SmackChat-Bridging-Header.h"; sourceTree = "<group>"; };
		DE615BB51F68EA9200848DE7 /* SWRevealViewController.m */ = {isa = PBXFileReference; lastKnownFileType = sourcecode.c.objc; path = SWRevealViewController.m; sourceTree = "<group>"; };
		DE615BB61F68EA9200848DE7 /* SWRevealViewController.h */ = {isa = PBXFileReference; lastKnownFileType = sourcecode.c.h; path = SWRevealViewController.h; sourceTree = "<group>"; };
		DE615BBA1F68EEA700848DE7 /* ChatVC.swift */ = {isa = PBXFileReference; lastKnownFileType = sourcecode.swift; path = ChatVC.swift; sourceTree = "<group>"; };
		DE615BBC1F68EEBF00848DE7 /* ChannelVC.swift */ = {isa = PBXFileReference; lastKnownFileType = sourcecode.swift; path = ChannelVC.swift; sourceTree = "<group>"; };
		DE85CCF11F690CC900F60555 /* GradientView.swift */ = {isa = PBXFileReference; lastKnownFileType = sourcecode.swift; path = GradientView.swift; sourceTree = "<group>"; };
		DEA326F91F69FB46007C0468 /* Constants.swift */ = {isa = PBXFileReference; lastKnownFileType = sourcecode.swift; path = Constants.swift; sourceTree = "<group>"; };
		DEA326FB1F6A00A2007C0468 /* LoginVC.swift */ = {isa = PBXFileReference; lastKnownFileType = sourcecode.swift; path = LoginVC.swift; sourceTree = "<group>"; };
		E073B6002A413A5A34334E3D /* Pods-SmackChat.debug.xcconfig */ = {isa = PBXFileReference; includeInIndex = 1; lastKnownFileType = text.xcconfig; name = "Pods-SmackChat.debug.xcconfig"; path = "Pods/Target Support Files/Pods-SmackChat/Pods-SmackChat.debug.xcconfig"; sourceTree = "<group>"; };
/* End PBXFileReference section */

/* Begin PBXFrameworksBuildPhase section */
		DE1B76EA1F68DFEB0007DF33 /* Frameworks */ = {
			isa = PBXFrameworksBuildPhase;
			buildActionMask = 2147483647;
			files = (
				4ED31BA7927A9A3E49CAB8B5 /* Pods_SmackChat.framework in Frameworks */,
			);
			runOnlyForDeploymentPostprocessing = 0;
		};
/* End PBXFrameworksBuildPhase section */

/* Begin PBXGroup section */
		4EF4C4F275D51345626057C2 /* Pods */ = {
			isa = PBXGroup;
			children = (
				E073B6002A413A5A34334E3D /* Pods-SmackChat.debug.xcconfig */,
				5B438BB20824A4D472E58068 /* Pods-SmackChat.release.xcconfig */,
			);
			name = Pods;
			sourceTree = "<group>";
		};
		DA5296413F546971F85E2A5E /* Frameworks */ = {
			isa = PBXGroup;
			children = (
				3FC3F757895F526EB0643143 /* Pods_SmackChat.framework */,
			);
			name = Frameworks;
			sourceTree = "<group>";
		};
		DE1B76E41F68DFEB0007DF33 = {
			isa = PBXGroup;
			children = (
				DE1B76EF1F68DFEB0007DF33 /* SmackChat */,
				DE1B76EE1F68DFEB0007DF33 /* Products */,
				4EF4C4F275D51345626057C2 /* Pods */,
				DA5296413F546971F85E2A5E /* Frameworks */,
			);
			sourceTree = "<group>";
		};
		DE1B76EE1F68DFEB0007DF33 /* Products */ = {
			isa = PBXGroup;
			children = (
				DE1B76ED1F68DFEB0007DF33 /* SmackChat.app */,
			);
			name = Products;
			sourceTree = "<group>";
		};
		DE1B76EF1F68DFEB0007DF33 /* SmackChat */ = {
			isa = PBXGroup;
			children = (
				DEA326F81F69FB2D007C0468 /* Utilities */,
				DE615BB71F68EE3200848DE7 /* Model */,
				DE615BB81F68EE3D00848DE7 /* View */,
				DE615BB91F68EE4200848DE7 /* Controller */,
				DE615BB31F68EA6200848DE7 /* Supporting Files */,
				DE1B76F01F68DFEB0007DF33 /* AppDelegate.swift */,
				DE1B76F41F68DFEB0007DF33 /* Main.storyboard */,
				DE1B76F71F68DFEB0007DF33 /* Assets.xcassets */,
				DE1B76F91F68DFEB0007DF33 /* LaunchScreen.storyboard */,
				DE1B76FC1F68DFEB0007DF33 /* Info.plist */,
			);
			path = SmackChat;
			sourceTree = "<group>";
		};
		DE615BB31F68EA6200848DE7 /* Supporting Files */ = {
			isa = PBXGroup;
			children = (
				DE615BB61F68EA9200848DE7 /* SWRevealViewController.h */,
				DE615BB51F68EA9200848DE7 /* SWRevealViewController.m */,
				DE615BB41F68EA9100848DE7 /* SmackChat-Bridging-Header.h */,
			);
			path = "Supporting Files";
			sourceTree = "<group>";
		};
		DE615BB71F68EE3200848DE7 /* Model */ = {
			isa = PBXGroup;
			children = (
			);
			path = Model;
			sourceTree = "<group>";
		};
		DE615BB81F68EE3D00848DE7 /* View */ = {
			isa = PBXGroup;
			children = (
				DE85CCF11F690CC900F60555 /* GradientView.swift */,
			);
			path = View;
			sourceTree = "<group>";
		};
		DE615BB91F68EE4200848DE7 /* Controller */ = {
			isa = PBXGroup;
			children = (
				DE615BBA1F68EEA700848DE7 /* ChatVC.swift */,
				DE615BBC1F68EEBF00848DE7 /* ChannelVC.swift */,
				DEA326FB1F6A00A2007C0468 /* LoginVC.swift */,
			);
			path = Controller;
			sourceTree = "<group>";
		};
		DEA326F81F69FB2D007C0468 /* Utilities */ = {
			isa = PBXGroup;
			children = (
				DEA326F91F69FB46007C0468 /* Constants.swift */,
			);
			path = Utilities;
			sourceTree = "<group>";
		};
/* End PBXGroup section */

/* Begin PBXNativeTarget section */
		DE1B76EC1F68DFEB0007DF33 /* SmackChat */ = {
			isa = PBXNativeTarget;
			buildConfigurationList = DE1B76FF1F68DFEB0007DF33 /* Build configuration list for PBXNativeTarget "SmackChat" */;
			buildPhases = (
				E17F03D274FB4159CECA913E /* [CP] Check Pods Manifest.lock */,
				DE1B76E91F68DFEB0007DF33 /* Sources */,
				DE1B76EA1F68DFEB0007DF33 /* Frameworks */,
				DE1B76EB1F68DFEB0007DF33 /* Resources */,
				0A2E936E4547BE7A9C12C449 /* [CP] Embed Pods Frameworks */,
				B420A71CFD9709BF372814CE /* [CP] Copy Pods Resources */,
			);
			buildRules = (
			);
			dependencies = (
			);
			name = SmackChat;
			productName = SmackChat;
			productReference = DE1B76ED1F68DFEB0007DF33 /* SmackChat.app */;
			productType = "com.apple.product-type.application";
		};
/* End PBXNativeTarget section */

/* Begin PBXProject section */
		DE1B76E51F68DFEB0007DF33 /* Project object */ = {
			isa = PBXProject;
			attributes = {
				LastSwiftUpdateCheck = 0900;
				LastUpgradeCheck = 0900;
				ORGANIZATIONNAME = "Steve Baker";
				TargetAttributes = {
					DE1B76EC1F68DFEB0007DF33 = {
						CreatedOnToolsVersion = 9.0;
						LastSwiftMigration = 0900;
					};
				};
			};
			buildConfigurationList = DE1B76E81F68DFEB0007DF33 /* Build configuration list for PBXProject "SmackChat" */;
			compatibilityVersion = "Xcode 8.0";
			developmentRegion = en;
			hasScannedForEncodings = 0;
			knownRegions = (
				en,
				Base,
			);
			mainGroup = DE1B76E41F68DFEB0007DF33;
			productRefGroup = DE1B76EE1F68DFEB0007DF33 /* Products */;
			projectDirPath = "";
			projectRoot = "";
			targets = (
				DE1B76EC1F68DFEB0007DF33 /* SmackChat */,
			);
		};
/* End PBXProject section */

/* Begin PBXResourcesBuildPhase section */
		DE1B76EB1F68DFEB0007DF33 /* Resources */ = {
			isa = PBXResourcesBuildPhase;
			buildActionMask = 2147483647;
			files = (
				DE1B76FB1F68DFEB0007DF33 /* LaunchScreen.storyboard in Resources */,
				DE1B76F81F68DFEB0007DF33 /* Assets.xcassets in Resources */,
				DE1B76F61F68DFEB0007DF33 /* Main.storyboard in Resources */,
			);
			runOnlyForDeploymentPostprocessing = 0;
		};
/* End PBXResourcesBuildPhase section */

/* Begin PBXShellScriptBuildPhase section */
		0A2E936E4547BE7A9C12C449 /* [CP] Embed Pods Frameworks */ = {
			isa = PBXShellScriptBuildPhase;
			buildActionMask = 2147483647;
			files = (
			);
			inputPaths = (
			);
			name = "[CP] Embed Pods Frameworks";
			outputPaths = (
			);
			runOnlyForDeploymentPostprocessing = 0;
			shellPath = /bin/sh;
			shellScript = "\"${SRCROOT}/Pods/Target Support Files/Pods-SmackChat/Pods-SmackChat-frameworks.sh\"\n";
			showEnvVarsInLog = 0;
		};
		B420A71CFD9709BF372814CE /* [CP] Copy Pods Resources */ = {
			isa = PBXShellScriptBuildPhase;
			buildActionMask = 2147483647;
			files = (
			);
			inputPaths = (
			);
			name = "[CP] Copy Pods Resources";
			outputPaths = (
			);
			runOnlyForDeploymentPostprocessing = 0;
			shellPath = /bin/sh;
			shellScript = "\"${SRCROOT}/Pods/Target Support Files/Pods-SmackChat/Pods-SmackChat-resources.sh\"\n";
			showEnvVarsInLog = 0;
		};
		E17F03D274FB4159CECA913E /* [CP] Check Pods Manifest.lock */ = {
			isa = PBXShellScriptBuildPhase;
			buildActionMask = 2147483647;
			files = (
			);
			inputPaths = (
			);
			name = "[CP] Check Pods Manifest.lock";
			outputPaths = (
			);
			runOnlyForDeploymentPostprocessing = 0;
			shellPath = /bin/sh;
			shellScript = "diff \"${PODS_ROOT}/../Podfile.lock\" \"${PODS_ROOT}/Manifest.lock\" > /dev/null\nif [ $? != 0 ] ; then\n    # print error to STDERR\n    echo \"error: The sandbox is not in sync with the Podfile.lock. Run 'pod install' or update your CocoaPods installation.\" >&2\n    exit 1\nfi\n";
			showEnvVarsInLog = 0;
		};
/* End PBXShellScriptBuildPhase section */

/* Begin PBXSourcesBuildPhase section */
		DE1B76E91F68DFEB0007DF33 /* Sources */ = {
			isa = PBXSourcesBuildPhase;
			buildActionMask = 2147483647;
			files = (
				DE615BBB1F68EEA700848DE7 /* ChatVC.swift in Sources */,
				DE615BBD1F68EEBF00848DE7 /* ChannelVC.swift in Sources */,
				DEA326FC1F6A00A2007C0468 /* LoginVC.swift in Sources */,
				DE85CCF21F690CC900F60555 /* GradientView.swift in Sources */,
				DE1B76F11F68DFEB0007DF33 /* AppDelegate.swift in Sources */,
				DE85CCF01F68F52300F60555 /* SWRevealViewController.m in Sources */,
				DEA326FA1F69FB46007C0468 /* Constants.swift in Sources */,
			);
			runOnlyForDeploymentPostprocessing = 0;
		};
/* End PBXSourcesBuildPhase section */

/* Begin PBXVariantGroup section */
		DE1B76F41F68DFEB0007DF33 /* Main.storyboard */ = {
			isa = PBXVariantGroup;
			children = (
				DE1B76F51F68DFEB0007DF33 /* Base */,
			);
			name = Main.storyboard;
			sourceTree = "<group>";
		};
		DE1B76F91F68DFEB0007DF33 /* LaunchScreen.storyboard */ = {
			isa = PBXVariantGroup;
			children = (
				DE1B76FA1F68DFEB0007DF33 /* Base */,
			);
			name = LaunchScreen.storyboard;
			sourceTree = "<group>";
		};
/* End PBXVariantGroup section */

/* Begin XCBuildConfiguration section */
		DE1B76FD1F68DFEB0007DF33 /* Debug */ = {
			isa = XCBuildConfiguration;
			buildSettings = {
				ALWAYS_SEARCH_USER_PATHS = NO;
				CLANG_ANALYZER_NONNULL = YES;
				CLANG_ANALYZER_NUMBER_OBJECT_CONVERSION = YES_AGGRESSIVE;
				CLANG_CXX_LANGUAGE_STANDARD = "gnu++14";
				CLANG_CXX_LIBRARY = "libc++";
				CLANG_ENABLE_MODULES = YES;
				CLANG_ENABLE_OBJC_ARC = YES;
				CLANG_WARN_BLOCK_CAPTURE_AUTORELEASING = YES;
				CLANG_WARN_BOOL_CONVERSION = YES;
				CLANG_WARN_COMMA = YES;
				CLANG_WARN_CONSTANT_CONVERSION = YES;
				CLANG_WARN_DIRECT_OBJC_ISA_USAGE = YES_ERROR;
				CLANG_WARN_DOCUMENTATION_COMMENTS = YES;
				CLANG_WARN_EMPTY_BODY = YES;
				CLANG_WARN_ENUM_CONVERSION = YES;
				CLANG_WARN_INFINITE_RECURSION = YES;
				CLANG_WARN_INT_CONVERSION = YES;
				CLANG_WARN_NON_LITERAL_NULL_CONVERSION = YES;
				CLANG_WARN_OBJC_LITERAL_CONVERSION = YES;
				CLANG_WARN_OBJC_ROOT_CLASS = YES_ERROR;
				CLANG_WARN_RANGE_LOOP_ANALYSIS = YES;
				CLANG_WARN_STRICT_PROTOTYPES = YES;
				CLANG_WARN_SUSPICIOUS_MOVE = YES;
				CLANG_WARN_UNGUARDED_AVAILABILITY = YES_AGGRESSIVE;
				CLANG_WARN_UNREACHABLE_CODE = YES;
				CLANG_WARN__DUPLICATE_METHOD_MATCH = YES;
				CODE_SIGN_IDENTITY = "iPhone Developer";
				COPY_PHASE_STRIP = NO;
				DEBUG_INFORMATION_FORMAT = dwarf;
				ENABLE_STRICT_OBJC_MSGSEND = YES;
				ENABLE_TESTABILITY = YES;
				GCC_C_LANGUAGE_STANDARD = gnu11;
				GCC_DYNAMIC_NO_PIC = NO;
				GCC_NO_COMMON_BLOCKS = YES;
				GCC_OPTIMIZATION_LEVEL = 0;
				GCC_PREPROCESSOR_DEFINITIONS = (
					"DEBUG=1",
					"$(inherited)",
				);
				GCC_WARN_64_TO_32_BIT_CONVERSION = YES;
				GCC_WARN_ABOUT_RETURN_TYPE = YES_ERROR;
				GCC_WARN_UNDECLARED_SELECTOR = YES;
				GCC_WARN_UNINITIALIZED_AUTOS = YES_AGGRESSIVE;
				GCC_WARN_UNUSED_FUNCTION = YES;
				GCC_WARN_UNUSED_VARIABLE = YES;
				IPHONEOS_DEPLOYMENT_TARGET = 11.0;
				MTL_ENABLE_DEBUG_INFO = YES;
				ONLY_ACTIVE_ARCH = YES;
				SDKROOT = iphoneos;
				SWIFT_ACTIVE_COMPILATION_CONDITIONS = DEBUG;
				SWIFT_OPTIMIZATION_LEVEL = "-Onone";
			};
			name = Debug;
		};
		DE1B76FE1F68DFEB0007DF33 /* Release */ = {
			isa = XCBuildConfiguration;
			buildSettings = {
				ALWAYS_SEARCH_USER_PATHS = NO;
				CLANG_ANALYZER_NONNULL = YES;
				CLANG_ANALYZER_NUMBER_OBJECT_CONVERSION = YES_AGGRESSIVE;
				CLANG_CXX_LANGUAGE_STANDARD = "gnu++14";
				CLANG_CXX_LIBRARY = "libc++";
				CLANG_ENABLE_MODULES = YES;
				CLANG_ENABLE_OBJC_ARC = YES;
				CLANG_WARN_BLOCK_CAPTURE_AUTORELEASING = YES;
				CLANG_WARN_BOOL_CONVERSION = YES;
				CLANG_WARN_COMMA = YES;
				CLANG_WARN_CONSTANT_CONVERSION = YES;
				CLANG_WARN_DIRECT_OBJC_ISA_USAGE = YES_ERROR;
				CLANG_WARN_DOCUMENTATION_COMMENTS = YES;
				CLANG_WARN_EMPTY_BODY = YES;
				CLANG_WARN_ENUM_CONVERSION = YES;
				CLANG_WARN_INFINITE_RECURSION = YES;
				CLANG_WARN_INT_CONVERSION = YES;
				CLANG_WARN_NON_LITERAL_NULL_CONVERSION = YES;
				CLANG_WARN_OBJC_LITERAL_CONVERSION = YES;
				CLANG_WARN_OBJC_ROOT_CLASS = YES_ERROR;
				CLANG_WARN_RANGE_LOOP_ANALYSIS = YES;
				CLANG_WARN_STRICT_PROTOTYPES = YES;
				CLANG_WARN_SUSPICIOUS_MOVE = YES;
				CLANG_WARN_UNGUARDED_AVAILABILITY = YES_AGGRESSIVE;
				CLANG_WARN_UNREACHABLE_CODE = YES;
				CLANG_WARN__DUPLICATE_METHOD_MATCH = YES;
				CODE_SIGN_IDENTITY = "iPhone Developer";
				COPY_PHASE_STRIP = NO;
				DEBUG_INFORMATION_FORMAT = "dwarf-with-dsym";
				ENABLE_NS_ASSERTIONS = NO;
				ENABLE_STRICT_OBJC_MSGSEND = YES;
				GCC_C_LANGUAGE_STANDARD = gnu11;
				GCC_NO_COMMON_BLOCKS = YES;
				GCC_WARN_64_TO_32_BIT_CONVERSION = YES;
				GCC_WARN_ABOUT_RETURN_TYPE = YES_ERROR;
				GCC_WARN_UNDECLARED_SELECTOR = YES;
				GCC_WARN_UNINITIALIZED_AUTOS = YES_AGGRESSIVE;
				GCC_WARN_UNUSED_FUNCTION = YES;
				GCC_WARN_UNUSED_VARIABLE = YES;
				IPHONEOS_DEPLOYMENT_TARGET = 11.0;
				MTL_ENABLE_DEBUG_INFO = NO;
				SDKROOT = iphoneos;
				SWIFT_OPTIMIZATION_LEVEL = "-Owholemodule";
				VALIDATE_PRODUCT = YES;
			};
			name = Release;
		};
		DE1B77001F68DFEB0007DF33 /* Debug */ = {
			isa = XCBuildConfiguration;
			baseConfigurationReference = E073B6002A413A5A34334E3D /* Pods-SmackChat.debug.xcconfig */;
			buildSettings = {
				ASSETCATALOG_COMPILER_APPICON_NAME = AppIcon;
				CLANG_ENABLE_MODULES = YES;
				DEVELOPMENT_TEAM = 7658X4F5N4;
				INFOPLIST_FILE = SmackChat/Info.plist;
				LD_RUNPATH_SEARCH_PATHS = "$(inherited) @executable_path/Frameworks";
				PRODUCT_BUNDLE_IDENTIFIER = "SGB-Imagery.SmackChat";
				PRODUCT_NAME = "$(TARGET_NAME)";
				SWIFT_OBJC_BRIDGING_HEADER = "SmackChat/Supporting Files/SmackChat-Bridging-Header.h";
				SWIFT_OPTIMIZATION_LEVEL = "-Onone";
				SWIFT_VERSION = 4.0;
				TARGETED_DEVICE_FAMILY = "1,2";
			};
			name = Debug;
		};
		DE1B77011F68DFEB0007DF33 /* Release */ = {
			isa = XCBuildConfiguration;
			baseConfigurationReference = 5B438BB20824A4D472E58068 /* Pods-SmackChat.release.xcconfig */;
			buildSettings = {
				ASSETCATALOG_COMPILER_APPICON_NAME = AppIcon;
				CLANG_ENABLE_MODULES = YES;
				DEVELOPMENT_TEAM = 7658X4F5N4;
				INFOPLIST_FILE = SmackChat/Info.plist;
				LD_RUNPATH_SEARCH_PATHS = "$(inherited) @executable_path/Frameworks";
				PRODUCT_BUNDLE_IDENTIFIER = "SGB-Imagery.SmackChat";
				PRODUCT_NAME = "$(TARGET_NAME)";
				SWIFT_OBJC_BRIDGING_HEADER = "SmackChat/Supporting Files/SmackChat-Bridging-Header.h";
				SWIFT_VERSION = 4.0;
				TARGETED_DEVICE_FAMILY = "1,2";
			};
			name = Release;
		};
/* End XCBuildConfiguration section */

/* Begin XCConfigurationList section */
		DE1B76E81F68DFEB0007DF33 /* Build configuration list for PBXProject "SmackChat" */ = {
			isa = XCConfigurationList;
			buildConfigurations = (
				DE1B76FD1F68DFEB0007DF33 /* Debug */,
				DE1B76FE1F68DFEB0007DF33 /* Release */,
			);
			defaultConfigurationIsVisible = 0;
			defaultConfigurationName = Release;
		};
		DE1B76FF1F68DFEB0007DF33 /* Build configuration list for PBXNativeTarget "SmackChat" */ = {
			isa = XCConfigurationList;
			buildConfigurations = (
				DE1B77001F68DFEB0007DF33 /* Debug */,
				DE1B77011F68DFEB0007DF33 /* Release */,
			);
			defaultConfigurationIsVisible = 0;
			defaultConfigurationName = Release;
		};
/* End XCConfigurationList section */
	};
	rootObject = DE1B76E51F68DFEB0007DF33 /* Project object */;
}
